// !$*UTF8*$!
{
	archiveVersion = 1;
	classes = {
	};
	objectVersion = 46;
	objects = {

/* Begin PBXBuildFile section */
		9C7901B51A71C88300707E82 /* main.m in Sources */ = {isa = PBXBuildFile; fileRef = 9C7901B41A71C88300707E82 /* main.m */; };
		9C7901B81A71C88300707E82 /* AppDelegate.m in Sources */ = {isa = PBXBuildFile; fileRef = 9C7901B71A71C88300707E82 /* AppDelegate.m */; };
		9C7901C01A71C88300707E82 /* Images.xcassets in Resources */ = {isa = PBXBuildFile; fileRef = 9C7901BF1A71C88300707E82 /* Images.xcassets */; };
		9C7901C31A71C88300707E82 /* LaunchScreen.xib in Resources */ = {isa = PBXBuildFile; fileRef = 9C7901C11A71C88300707E82 /* LaunchScreen.xib */; };
		9C7901CF1A71C88300707E82 /* ColorboardTests.m in Sources */ = {isa = PBXBuildFile; fileRef = 9C7901CE1A71C88300707E82 /* ColorboardTests.m */; };
/* End PBXBuildFile section */

/* Begin PBXContainerItemProxy section */
		9C7901C91A71C88300707E82 /* PBXContainerItemProxy */ = {
			isa = PBXContainerItemProxy;
			containerPortal = 9C7901A71A71C88300707E82 /* Project object */;
			proxyType = 1;
			remoteGlobalIDString = 9C7901AE1A71C88300707E82;
			remoteInfo = Colorboard;
		};
/* End PBXContainerItemProxy section */

/* Begin PBXFileReference section */
		9C7901AF1A71C88300707E82 /* Colorboard.app */ = {isa = PBXFileReference; explicitFileType = wrapper.application; includeInIndex = 0; path = Colorboard.app; sourceTree = BUILT_PRODUCTS_DIR; };
		9C7901B31A71C88300707E82 /* Info.plist */ = {isa = PBXFileReference; lastKnownFileType = text.plist.xml; path = Info.plist; sourceTree = "<group>"; };
		9C7901B41A71C88300707E82 /* main.m */ = {isa = PBXFileReference; lastKnownFileType = sourcecode.c.objc; path = main.m; sourceTree = "<group>"; };
		9C7901B61A71C88300707E82 /* AppDelegate.h */ = {isa = PBXFileReference; lastKnownFileType = sourcecode.c.h; path = AppDelegate.h; sourceTree = "<group>"; };
		9C7901B71A71C88300707E82 /* AppDelegate.m */ = {isa = PBXFileReference; lastKnownFileType = sourcecode.c.objc; path = AppDelegate.m; sourceTree = "<group>"; };
		9C7901BF1A71C88300707E82 /* Images.xcassets */ = {isa = PBXFileReference; lastKnownFileType = folder.assetcatalog; path = Images.xcassets; sourceTree = "<group>"; };
		9C7901C21A71C88300707E82 /* Base */ = {isa = PBXFileReference; lastKnownFileType = file.xib; name = Base; path = Base.lproj/LaunchScreen.xib; sourceTree = "<group>"; };
		9C7901C81A71C88300707E82 /* ColorboardTests.xctest */ = {isa = PBXFileReference; explicitFileType = wrapper.cfbundle; includeInIndex = 0; path = ColorboardTests.xctest; sourceTree = BUILT_PRODUCTS_DIR; };
		9C7901CD1A71C88300707E82 /* Info.plist */ = {isa = PBXFileReference; lastKnownFileType = text.plist.xml; path = Info.plist; sourceTree = "<group>"; };
		9C7901CE1A71C88300707E82 /* ColorboardTests.m */ = {isa = PBXFileReference; lastKnownFileType = sourcecode.c.objc; path = ColorboardTests.m; sourceTree = "<group>"; };
/* End PBXFileReference section */

/* Begin PBXFrameworksBuildPhase section */
		9C7901AC1A71C88300707E82 /* Frameworks */ = {
			isa = PBXFrameworksBuildPhase;
			buildActionMask = 2147483647;
			files = (
			);
			runOnlyForDeploymentPostprocessing = 0;
		};
		9C7901C51A71C88300707E82 /* Frameworks */ = {
			isa = PBXFrameworksBuildPhase;
			buildActionMask = 2147483647;
			files = (
			);
			runOnlyForDeploymentPostprocessing = 0;
		};
/* End PBXFrameworksBuildPhase section */

/* Begin PBXGroup section */
		9C7901A61A71C88300707E82 = {
			isa = PBXGroup;
			children = (
				9C7901B11A71C88300707E82 /* Colorboard */,
				9C7901CB1A71C88300707E82 /* ColorboardTests */,
				9C7901B01A71C88300707E82 /* Products */,
			);
			sourceTree = "<group>";
		};
		9C7901B01A71C88300707E82 /* Products */ = {
			isa = PBXGroup;
			children = (
				9C7901AF1A71C88300707E82 /* Colorboard.app */,
				9C7901C81A71C88300707E82 /* ColorboardTests.xctest */,
			);
			name = Products;
			sourceTree = "<group>";
		};
		9C7901B11A71C88300707E82 /* Colorboard */ = {
			isa = PBXGroup;
			children = (
				9C7901B61A71C88300707E82 /* AppDelegate.h */,
				9C7901B71A71C88300707E82 /* AppDelegate.m */,
				9C7901BF1A71C88300707E82 /* Images.xcassets */,
				9C7901C11A71C88300707E82 /* LaunchScreen.xib */,
				9C7901B21A71C88300707E82 /* Supporting Files */,
			);
			path = Colorboard;
			sourceTree = "<group>";
		};
		9C7901B21A71C88300707E82 /* Supporting Files */ = {
			isa = PBXGroup;
			children = (
				9C7901B31A71C88300707E82 /* Info.plist */,
				9C7901B41A71C88300707E82 /* main.m */,
			);
			name = "Supporting Files";
			sourceTree = "<group>";
		};
		9C7901CB1A71C88300707E82 /* ColorboardTests */ = {
			isa = PBXGroup;
			children = (
				9C7901CE1A71C88300707E82 /* ColorboardTests.m */,
				9C7901CC1A71C88300707E82 /* Supporting Files */,
			);
			path = ColorboardTests;
			sourceTree = "<group>";
		};
		9C7901CC1A71C88300707E82 /* Supporting Files */ = {
			isa = PBXGroup;
			children = (
				9C7901CD1A71C88300707E82 /* Info.plist */,
			);
			name = "Supporting Files";
			sourceTree = "<group>";
		};
/* End PBXGroup section */

/* Begin PBXNativeTarget section */
		9C7901AE1A71C88300707E82 /* Colorboard */ = {
			isa = PBXNativeTarget;
			buildConfigurationList = 9C7901D21A71C88300707E82 /* Build configuration list for PBXNativeTarget "Colorboard" */;
			buildPhases = (
				9C7901AB1A71C88300707E82 /* Sources */,
				9C7901AC1A71C88300707E82 /* Frameworks */,
				9C7901AD1A71C88300707E82 /* Resources */,
			);
			buildRules = (
			);
			dependencies = (
			);
			name = Colorboard;
			productName = Colorboard;
			productReference = 9C7901AF1A71C88300707E82 /* Colorboard.app */;
			productType = "com.apple.product-type.application";
		};
		9C7901C71A71C88300707E82 /* ColorboardTests */ = {
			isa = PBXNativeTarget;
			buildConfigurationList = 9C7901D51A71C88300707E82 /* Build configuration list for PBXNativeTarget "ColorboardTests" */;
			buildPhases = (
				9C7901C41A71C88300707E82 /* Sources */,
				9C7901C51A71C88300707E82 /* Frameworks */,
				9C7901C61A71C88300707E82 /* Resources */,
			);
			buildRules = (
			);
			dependencies = (
				9C7901CA1A71C88300707E82 /* PBXTargetDependency */,
			);
			name = ColorboardTests;
			productName = ColorboardTests;
			productReference = 9C7901C81A71C88300707E82 /* ColorboardTests.xctest */;
			productType = "com.apple.product-type.bundle.unit-test";
		};
/* End PBXNativeTarget section */

/* Begin PBXProject section */
		9C7901A71A71C88300707E82 /* Project object */ = {
			isa = PBXProject;
			attributes = {
				LastUpgradeCheck = 0610;
				ORGANIZATIONNAME = "Ricky Pattillo";
				TargetAttributes = {
					9C7901AE1A71C88300707E82 = {
						CreatedOnToolsVersion = 6.1.1;
					};
					9C7901C71A71C88300707E82 = {
						CreatedOnToolsVersion = 6.1.1;
						TestTargetID = 9C7901AE1A71C88300707E82;
					};
				};
			};
			buildConfigurationList = 9C7901AA1A71C88300707E82 /* Build configuration list for PBXProject "Colorboard" */;
			compatibilityVersion = "Xcode 3.2";
			developmentRegion = English;
			hasScannedForEncodings = 0;
			knownRegions = (
				en,
				Base,
			);
			mainGroup = 9C7901A61A71C88300707E82;
			productRefGroup = 9C7901B01A71C88300707E82 /* Products */;
			projectDirPath = "";
			projectRoot = "";
			targets = (
				9C7901AE1A71C88300707E82 /* Colorboard */,
				9C7901C71A71C88300707E82 /* ColorboardTests */,
			);
		};
/* End PBXProject section */

/* Begin PBXResourcesBuildPhase section */
		9C7901AD1A71C88300707E82 /* Resources */ = {
			isa = PBXResourcesBuildPhase;
			buildActionMask = 2147483647;
			files = (
				9C7901C31A71C88300707E82 /* LaunchScreen.xib in Resources */,
				9C7901C01A71C88300707E82 /* Images.xcassets in Resources */,
			);
			runOnlyForDeploymentPostprocessing = 0;
		};
		9C7901C61A71C88300707E82 /* Resources */ = {
			isa = PBXResourcesBuildPhase;
			buildActionMask = 2147483647;
			files = (
			);
			runOnlyForDeploymentPostprocessing = 0;
		};
/* End PBXResourcesBuildPhase section */

/* Begin PBXSourcesBuildPhase section */
		9C7901AB1A71C88300707E82 /* Sources */ = {
			isa = PBXSourcesBuildPhase;
			buildActionMask = 2147483647;
			files = (
				9C7901B81A71C88300707E82 /* AppDelegate.m in Sources */,
				9C7901B51A71C88300707E82 /* main.m in Sources */,
			);
			runOnlyForDeploymentPostprocessing = 0;
		};
		9C7901C41A71C88300707E82 /* Sources */ = {
			isa = PBXSourcesBuildPhase;
			buildActionMask = 2147483647;
			files = (
				9C7901CF1A71C88300707E82 /* ColorboardTests.m in Sources */,
			);
			runOnlyForDeploymentPostprocessing = 0;
		};
/* End PBXSourcesBuildPhase section */

/* Begin PBXTargetDependency section */
		9C7901CA1A71C88300707E82 /* PBXTargetDependency */ = {
			isa = PBXTargetDependency;
			target = 9C7901AE1A71C88300707E82 /* Colorboard */;
			targetProxy = 9C7901C91A71C88300707E82 /* PBXContainerItemProxy */;
		};
/* End PBXTargetDependency section */

/* Begin PBXVariantGroup section */
		9C7901C11A71C88300707E82 /* LaunchScreen.xib */ = {
			isa = PBXVariantGroup;
			children = (
				9C7901C21A71C88300707E82 /* Base */,
			);
			name = LaunchScreen.xib;
			sourceTree = "<group>";
		};
/* End PBXVariantGroup section */

/* Begin XCBuildConfiguration section */
		9C7901D01A71C88300707E82 /* Debug */ = {
			isa = XCBuildConfiguration;
			buildSettings = {
				ALWAYS_SEARCH_USER_PATHS = NO;
				CLANG_CXX_LANGUAGE_STANDARD = "gnu++0x";
				CLANG_CXX_LIBRARY = "libc++";
				CLANG_ENABLE_MODULES = YES;
				CLANG_ENABLE_OBJC_ARC = YES;
				CLANG_WARN_BOOL_CONVERSION = YES;
				CLANG_WARN_CONSTANT_CONVERSION = YES;
				CLANG_WARN_DEPRECATED_OBJC_IMPLEMENTATIONS = YES;
				CLANG_WARN_DIRECT_OBJC_ISA_USAGE = YES_ERROR;
				CLANG_WARN_EMPTY_BODY = YES;
				CLANG_WARN_ENUM_CONVERSION = YES;
				CLANG_WARN_INT_CONVERSION = YES;
				CLANG_WARN_OBJC_ROOT_CLASS = YES_ERROR;
				CLANG_WARN_UNREACHABLE_CODE = YES;
				CLANG_WARN__DUPLICATE_METHOD_MATCH = YES;
				"CODE_SIGN_IDENTITY[sdk=iphoneos*]" = "iPhone Developer";
				COPY_PHASE_STRIP = NO;
				ENABLE_STRICT_OBJC_MSGSEND = YES;
				GCC_C_LANGUAGE_STANDARD = gnu99;
				GCC_DYNAMIC_NO_PIC = NO;
				GCC_OPTIMIZATION_LEVEL = 0;
				GCC_PREPROCESSOR_DEFINITIONS = (
					"DEBUG=1",
					"$(inherited)",
				);
				GCC_SYMBOLS_PRIVATE_EXTERN = NO;
				GCC_WARN_64_TO_32_BIT_CONVERSION = YES;
				GCC_WARN_ABOUT_RETURN_TYPE = YES_ERROR;
				GCC_WARN_UNDECLARED_SELECTOR = YES;
				GCC_WARN_UNINITIALIZED_AUTOS = YES_AGGRESSIVE;
				GCC_WARN_UNUSED_FUNCTION = YES;
				GCC_WARN_UNUSED_VARIABLE = YES;
				IPHONEOS_DEPLOYMENT_TARGET = 8.1;
				MTL_ENABLE_DEBUG_INFO = YES;
				ONLY_ACTIVE_ARCH = YES;
				SDKROOT = iphoneos;
			};
			name = Debug;
		};
		9C7901D11A71C88300707E82 /* Release */ = {
			isa = XCBuildConfiguration;
			buildSettings = {
				ALWAYS_SEARCH_USER_PATHS = NO;
				CLANG_CXX_LANGUAGE_STANDARD = "gnu++0x";
				CLANG_CXX_LIBRARY = "libc++";
				CLANG_ENABLE_MODULES = YES;
				CLANG_ENABLE_OBJC_ARC = YES;
				CLANG_WARN_BOOL_CONVERSION = YES;
				CLANG_WARN_CONSTANT_CONVERSION = YES;
				CLANG_WARN_DEPRECATED_OBJC_IMPLEMENTATIONS = YES;
				CLANG_WARN_DIRECT_OBJC_ISA_USAGE = YES_ERROR;
				CLANG_WARN_EMPTY_BODY = YES;
				CLANG_WARN_ENUM_CONVERSION = YES;
				CLANG_WARN_INT_CONVERSION = YES;
				CLANG_WARN_OBJC_ROOT_CLASS = YES_ERROR;
				CLANG_WARN_UNREACHABLE_CODE = YES;
				CLANG_WARN__DUPLICATE_METHOD_MATCH = YES;
				"CODE_SIGN_IDENTITY[sdk=iphoneos*]" = "iPhone Developer";
				COPY_PHASE_STRIP = YES;
				ENABLE_NS_ASSERTIONS = NO;
				ENABLE_STRICT_OBJC_MSGSEND = YES;
				GCC_C_LANGUAGE_STANDARD = gnu99;
				GCC_WARN_64_TO_32_BIT_CONVERSION = YES;
				GCC_WARN_ABOUT_RETURN_TYPE = YES_ERROR;
				GCC_WARN_UNDECLARED_SELECTOR = YES;
				GCC_WARN_UNINITIALIZED_AUTOS = YES_AGGRESSIVE;
				GCC_WARN_UNUSED_FUNCTION = YES;
				GCC_WARN_UNUSED_VARIABLE = YES;
				IPHONEOS_DEPLOYMENT_TARGET = 8.1;
				MTL_ENABLE_DEBUG_INFO = NO;
				SDKROOT = iphoneos;
				VALIDATE_PRODUCT = YES;
			};
			name = Release;
		};
		9C7901D31A71C88300707E82 /* Debug */ = {
			isa = XCBuildConfiguration;
			buildSettings = {
				ASSETCATALOG_COMPILER_APPICON_NAME = AppIcon;
				INFOPLIST_FILE = Colorboard/Info.plist;
				LD_RUNPATH_SEARCH_PATHS = "$(inherited) @executable_path/Frameworks";
				PRODUCT_NAME = "$(TARGET_NAME)";
				RUN_CLANG_STATIC_ANALYZER = YES;
			};
			name = Debug;
		};
		9C7901D41A71C88300707E82 /* Release */ = {
			isa = XCBuildConfiguration;
			buildSettings = {
				ASSETCATALOG_COMPILER_APPICON_NAME = AppIcon;
				INFOPLIST_FILE = Colorboard/Info.plist;
				LD_RUNPATH_SEARCH_PATHS = "$(inherited) @executable_path/Frameworks";
				PRODUCT_NAME = "$(TARGET_NAME)";
				RUN_CLANG_STATIC_ANALYZER = YES;
			};
			name = Release;
		};
		9C7901D61A71C88300707E82 /* Debug */ = {
			isa = XCBuildConfiguration;
			buildSettings = {
				BUNDLE_LOADER = "$(TEST_HOST)";
				FRAMEWORK_SEARCH_PATHS = (
					"$(SDKROOT)/Developer/Library/Frameworks",
					"$(inherited)",
				);
				GCC_PREPROCESSOR_DEFINITIONS = (
					"DEBUG=1",
					"$(inherited)",
				);
				INFOPLIST_FILE = ColorboardTests/Info.plist;
				LD_RUNPATH_SEARCH_PATHS = "$(inherited) @executable_path/Frameworks @loader_path/Frameworks";
				PRODUCT_NAME = "$(TARGET_NAME)";
				TEST_HOST = "$(BUILT_PRODUCTS_DIR)/Colorboard.app/Colorboard";
			};
			name = Debug;
		};
		9C7901D71A71C88300707E82 /* Release */ = {
			isa = XCBuildConfiguration;
			buildSettings = {
				BUNDLE_LOADER = "$(TEST_HOST)";
				FRAMEWORK_SEARCH_PATHS = (
					"$(SDKROOT)/Developer/Library/Frameworks",
					"$(inherited)",
				);
				INFOPLIST_FILE = ColorboardTests/Info.plist;
				LD_RUNPATH_SEARCH_PATHS = "$(inherited) @executable_path/Frameworks @loader_path/Frameworks";
				PRODUCT_NAME = "$(TARGET_NAME)";
				TEST_HOST = "$(BUILT_PRODUCTS_DIR)/Colorboard.app/Colorboard";
			};
			name = Release;
		};
/* End XCBuildConfiguration section */

/* Begin XCConfigurationList section */
		9C7901AA1A71C88300707E82 /* Build configuration list for PBXProject "Colorboard" */ = {
			isa = XCConfigurationList;
			buildConfigurations = (
				9C7901D01A71C88300707E82 /* Debug */,
				9C7901D11A71C88300707E82 /* Release */,
			);
			defaultConfigurationIsVisible = 0;
			defaultConfigurationName = Release;
		};
		9C7901D21A71C88300707E82 /* Build configuration list for PBXNativeTarget "Colorboard" */ = {
			isa = XCConfigurationList;
			buildConfigurations = (
				9C7901D31A71C88300707E82 /* Debug */,
				9C7901D41A71C88300707E82 /* Release */,
			);
			defaultConfigurationIsVisible = 0;
		};
		9C7901D51A71C88300707E82 /* Build configuration list for PBXNativeTarget "ColorboardTests" */ = {
			isa = XCConfigurationList;
			buildConfigurations = (
				9C7901D61A71C88300707E82 /* Debug */,
				9C7901D71A71C88300707E82 /* Release */,
			);
			defaultConfigurationIsVisible = 0;
		};
/* End XCConfigurationList section */
	};
	rootObject = 9C7901A71A71C88300707E82 /* Project object */;
}
